
Microsoft Visual Studio Solution File, Format Version 12.00
# Visual Studio Version 16
VisualStudioVersion = 16.0.31424.327
MinimumVisualStudioVersion = 10.0.40219.1
Project("{FAE04EC0-301F-11D3-BF4B-00C04F79EFBC}") = "MegaControlSenstiveData", "MegaControlSenstiveData\MegaControlSenstiveData.csproj", "{C973B4A2-478B-4B70-8A4A-F08FC2BCD483}"
EndProject
Global
	GlobalSection(SolutionConfigurationPlatforms) = preSolution
		Debug|Any CPU = Debug|Any CPU
		Release|Any CPU = Release|Any CPU
	EndGlobalSection
	GlobalSection(ProjectConfigurationPlatforms) = postSolution
		{C973B4A2-478B-4B70-8A4A-F08FC2BCD483}.Debug|Any CPU.ActiveCfg = Debug|Any CPU
		{C973B4A2-478B-4B70-8A4A-F08FC2BCD483}.Debug|Any CPU.Build.0 = Debug|Any CPU
		{C973B4A2-478B-4B70-8A4A-F08FC2BCD483}.Release|Any CPU.ActiveCfg = Release|Any CPU
		{C973B4A2-478B-4B70-8A4A-F08FC2BCD483}.Release|Any CPU.Build.0 = Release|Any CPU
	EndGlobalSection
	GlobalSection(SolutionProperties) = preSolution
		HideSolutionNode = FALSE
	EndGlobalSection
	GlobalSection(ExtensibilityGlobals) = postSolution
		SolutionGuid = {2BF95F0C-33A4-41F1-A671-7090FA6FC8DD}
	EndGlobalSection
EndGlobal
